
Microsoft Visual Studio Solution File, Format Version 12.00
# Visual Studio 15
VisualStudioVersion = 15.0.28307.438
MinimumVisualStudioVersion = 10.0.40219.1
Project("{FAE04EC0-301F-11D3-BF4B-00C04F79EFBC}") = "ToolImportazioneLeghe_Console", "ToolImportazioneLeghe_Console\ToolImportazioneLeghe_Console.csproj", "{97D3C4A0-05B3-4608-AAC0-9470A48FEFF4}"
EndProject
Project("{FAE04EC0-301F-11D3-BF4B-00C04F79EFBC}") = "ToolImportazioneLeghe_App", "ToolImportazioneLeghe_App\ToolImportazioneLeghe_App.csproj", "{5C2F7069-F686-4C82-8D12-D229F6B90D23}"
EndProject
Project("{D954291E-2A0B-460D-934E-DC6B0785DB48}") = "Common", "Common\Common.shproj", "{566CB397-A9FF-44E0-AACF-7EC7DBBE5B0F}"
EndProject
Global
	GlobalSection(SharedMSBuildProjectFiles) = preSolution
		Common\Common.projitems*{566cb397-a9ff-44e0-aacf-7ec7dbbe5b0f}*SharedItemsImports = 13
		Common\Common.projitems*{97d3c4a0-05b3-4608-aac0-9470a48feff4}*SharedItemsImports = 4
	EndGlobalSection
	GlobalSection(SolutionConfigurationPlatforms) = preSolution
		Debug|Any CPU = Debug|Any CPU
		Release|Any CPU = Release|Any CPU
	EndGlobalSection
	GlobalSection(ProjectConfigurationPlatforms) = postSolution
		{97D3C4A0-05B3-4608-AAC0-9470A48FEFF4}.Debug|Any CPU.ActiveCfg = Debug|Any CPU
		{97D3C4A0-05B3-4608-AAC0-9470A48FEFF4}.Debug|Any CPU.Build.0 = Debug|Any CPU
		{97D3C4A0-05B3-4608-AAC0-9470A48FEFF4}.Release|Any CPU.ActiveCfg = Release|Any CPU
		{97D3C4A0-05B3-4608-AAC0-9470A48FEFF4}.Release|Any CPU.Build.0 = Release|Any CPU
		{5C2F7069-F686-4C82-8D12-D229F6B90D23}.Debug|Any CPU.ActiveCfg = Debug|Any CPU
		{5C2F7069-F686-4C82-8D12-D229F6B90D23}.Debug|Any CPU.Build.0 = Debug|Any CPU
		{5C2F7069-F686-4C82-8D12-D229F6B90D23}.Release|Any CPU.ActiveCfg = Release|Any CPU
		{5C2F7069-F686-4C82-8D12-D229F6B90D23}.Release|Any CPU.Build.0 = Release|Any CPU
	EndGlobalSection
	GlobalSection(SolutionProperties) = preSolution
		HideSolutionNode = FALSE
	EndGlobalSection
	GlobalSection(ExtensibilityGlobals) = postSolution
		SolutionGuid = {EF80C405-663F-48CE-A8E6-C3A4A361374B}
	EndGlobalSection
EndGlobal
